{
  "object": {
    "pins": [
      {
        "package": "SwiftPlus",
        "repositoryURL": "https://github.com/knoggl/SwiftPlus.git",
        "state": {
          "branch": null,
          "revision": "9403e350683a3fa8a3d468f0b6616fd3154fdd68",
          "version": "1.0.3"
        }
      }
    ]
  },
  "version": 1
}
