{
  "object": {
    "pins": [
      {
        "package": "SwiftPlus",
        "repositoryURL": "https://github.com/knoggl/SwiftPlus.git",
        "state": {
          "branch": null,
          "revision": "6462a652eb22e9fed60abafefe1dea04a683f832",
          "version": "1.1.1"
        }
      }
    ]
  },
  "version": 1
}
