// !$*UTF8*$!
{
	archiveVersion = 1;
	classes = {
	};
	objectVersion = 55;
	objects = {

/* Begin PBXBuildFile section */
		75023B58270D3C2800EF4098 /* Date.swift in Sources */ = {isa = PBXBuildFile; fileRef = 75023B57270D3C2800EF4098 /* Date.swift */; };
		75023B5A270D3CA200EF4098 /* CUTime.swift in Sources */ = {isa = PBXBuildFile; fileRef = 75023B59270D3CA200EF4098 /* CUTime.swift */; };
		75023B5C270D3E7B00EF4098 /* CLDateTime.swift in Sources */ = {isa = PBXBuildFile; fileRef = 75023B5B270D3E7B00EF4098 /* CLDateTime.swift */; };
		75023B62270D46E900EF4098 /* CLScrollView.swift in Sources */ = {isa = PBXBuildFile; fileRef = 75023B61270D46E900EF4098 /* CLScrollView.swift */; };
		75023B8E270D51A800EF4098 /* ImageProvider.swift in Sources */ = {isa = PBXBuildFile; fileRef = 75023B8D270D51A800EF4098 /* ImageProvider.swift */; };
		7513608C270BA493002E74AF /* Assets.xcassets in Resources */ = {isa = PBXBuildFile; fileRef = 7513608B270BA493002E74AF /* Assets.xcassets */; };
		75136096270BA6E8002E74AF /* CleanUIDemoApp.swift in Sources */ = {isa = PBXBuildFile; fileRef = 75136095270BA6E8002E74AF /* CleanUIDemoApp.swift */; };
		75136098270BA6E8002E74AF /* ContentView.swift in Sources */ = {isa = PBXBuildFile; fileRef = 75136097270BA6E8002E74AF /* ContentView.swift */; };
		7513609A270BA6E9002E74AF /* Assets.xcassets in Resources */ = {isa = PBXBuildFile; fileRef = 75136099270BA6E9002E74AF /* Assets.xcassets */; };
		7513609D270BA6E9002E74AF /* Preview Assets.xcassets in Resources */ = {isa = PBXBuildFile; fileRef = 7513609C270BA6E9002E74AF /* Preview Assets.xcassets */; };
		751360A1270BA6FA002E74AF /* CleanUI.framework in Frameworks */ = {isa = PBXBuildFile; fileRef = 758C62752708BC2A008CF28A /* CleanUI.framework */; };
		751360A2270BA6FA002E74AF /* CleanUI.framework in Embed Frameworks */ = {isa = PBXBuildFile; fileRef = 758C62752708BC2A008CF28A /* CleanUI.framework */; settings = {ATTRIBUTES = (CodeSignOnCopy, RemoveHeadersOnCopy, ); }; };
		751360A8270BAB52002E74AF /* ColorProvider.swift in Sources */ = {isa = PBXBuildFile; fileRef = 751360A7270BAB52002E74AF /* ColorProvider.swift */; };
		751360AD270BADD6002E74AF /* CLDescriptiveNumber.swift in Sources */ = {isa = PBXBuildFile; fileRef = 751360AC270BADD6002E74AF /* CLDescriptiveNumber.swift */; };
		751360AF270BADF8002E74AF /* View.swift in Sources */ = {isa = PBXBuildFile; fileRef = 751360AE270BADF8002E74AF /* View.swift */; };
		751360B2270BB5D0002E74AF /* CLTextEditor.swift in Sources */ = {isa = PBXBuildFile; fileRef = 751360B1270BB5D0002E74AF /* CLTextEditor.swift */; };
		751360B4270BB653002E74AF /* String.swift in Sources */ = {isa = PBXBuildFile; fileRef = 751360B3270BB653002E74AF /* String.swift */; };
		751360B6270BB6A3002E74AF /* Font.swift in Sources */ = {isa = PBXBuildFile; fileRef = 751360B5270BB6A3002E74AF /* Font.swift */; };
		7513F5E12713EB7C0099BEA1 /* CUBrowser.swift in Sources */ = {isa = PBXBuildFile; fileRef = 7513F5E02713EB7C0099BEA1 /* CUBrowser.swift */; };
		7513F5E427141DE70099BEA1 /* CUBrowserView.swift in Sources */ = {isa = PBXBuildFile; fileRef = 7513F5E327141DE70099BEA1 /* CUBrowserView.swift */; };
		7513F5E627141E170099BEA1 /* CUSheetView.swift in Sources */ = {isa = PBXBuildFile; fileRef = 7513F5E527141E170099BEA1 /* CUSheetView.swift */; };
		7513F5E827141EBD0099BEA1 /* CUAlertView.swift in Sources */ = {isa = PBXBuildFile; fileRef = 7513F5E727141EBD0099BEA1 /* CUAlertView.swift */; };
		7513F5EA27141EE80099BEA1 /* ColorsView.swift in Sources */ = {isa = PBXBuildFile; fileRef = 7513F5E927141EE80099BEA1 /* ColorsView.swift */; };
		7513F5EC27141F0B0099BEA1 /* CUAlertMessageView.swift in Sources */ = {isa = PBXBuildFile; fileRef = 7513F5EB27141F0B0099BEA1 /* CUAlertMessageView.swift */; };
		7513F5EE27141F380099BEA1 /* CUInAppNotificationView.swift in Sources */ = {isa = PBXBuildFile; fileRef = 7513F5ED27141F370099BEA1 /* CUInAppNotificationView.swift */; };
		7513F5F22714321A0099BEA1 /* CLSheet.swift in Sources */ = {isa = PBXBuildFile; fileRef = 7513F5F12714321A0099BEA1 /* CLSheet.swift */; };
		7513F5F7271432440099BEA1 /* CLAlert.swift in Sources */ = {isa = PBXBuildFile; fileRef = 7513F5F6271432440099BEA1 /* CLAlert.swift */; };
		7513F5F9271432690099BEA1 /* CLSheetMenu.swift in Sources */ = {isa = PBXBuildFile; fileRef = 7513F5F8271432690099BEA1 /* CLSheetMenu.swift */; };
		7513F5FB2714328B0099BEA1 /* CLSheetConfirmView.swift in Sources */ = {isa = PBXBuildFile; fileRef = 7513F5FA2714328B0099BEA1 /* CLSheetConfirmView.swift */; };
		7513F5FD271432A00099BEA1 /* CLSheetTitle.swift in Sources */ = {isa = PBXBuildFile; fileRef = 7513F5FC271432A00099BEA1 /* CLSheetTitle.swift */; };
		7513F5FF271432C30099BEA1 /* CLAlertConfirmView.swift in Sources */ = {isa = PBXBuildFile; fileRef = 7513F5FE271432C30099BEA1 /* CLAlertConfirmView.swift */; };
		7517FE6B270E779D00D18846 /* build.sh in Resources */ = {isa = PBXBuildFile; fileRef = 7517FE6A270E779D00D18846 /* build.sh */; };
		7521ACA427100B2B001431A2 /* ViewPresentationWrapperPage.swift in Sources */ = {isa = PBXBuildFile; fileRef = 7521ACA327100B2B001431A2 /* ViewPresentationWrapperPage.swift */; };
		7521ACA627101E5B001431A2 /* CLNavigationView.swift in Sources */ = {isa = PBXBuildFile; fileRef = 7521ACA527101E5B001431A2 /* CLNavigationView.swift */; };
		7521ACA827102E30001431A2 /* UINavigationController.swift in Sources */ = {isa = PBXBuildFile; fileRef = 7521ACA727102E30001431A2 /* UINavigationController.swift */; };
		7521ACAA27103009001431A2 /* ViewControllerTransitions.swift in Sources */ = {isa = PBXBuildFile; fileRef = 7521ACA927103009001431A2 /* ViewControllerTransitions.swift */; };
		75269A3D270CAC39007898A7 /* PrimaryButtonTheme.swift in Sources */ = {isa = PBXBuildFile; fileRef = 75269A3C270CAC38007898A7 /* PrimaryButtonTheme.swift */; };
		753F82F727159AC1002B4C0F /* CUViewModel.swift in Sources */ = {isa = PBXBuildFile; fileRef = 753F82F627159AC1002B4C0F /* CUViewModel.swift */; };
		753F82FC27159D44002B4C0F /* CLSheetViewModel.swift in Sources */ = {isa = PBXBuildFile; fileRef = 753F82FB27159D44002B4C0F /* CLSheetViewModel.swift */; };
		753F82FE27159E7B002B4C0F /* CLAlertViewModel.swift in Sources */ = {isa = PBXBuildFile; fileRef = 753F82FD27159E7B002B4C0F /* CLAlertViewModel.swift */; };
		753F83002715A403002B4C0F /* CLIcon.Offset.swift in Sources */ = {isa = PBXBuildFile; fileRef = 753F82FF2715A403002B4C0F /* CLIcon.Offset.swift */; };
		753F83022715A54C002B4C0F /* CLIconView.swift in Sources */ = {isa = PBXBuildFile; fileRef = 753F83012715A54C002B4C0F /* CLIconView.swift */; };
		754249E7270F79E8004D217B /* CLRichText.swift in Sources */ = {isa = PBXBuildFile; fileRef = 754249E6270F79E8004D217B /* CLRichText.swift */; };
		754249E9270F7AB2004D217B /* GeometryProxy.swift in Sources */ = {isa = PBXBuildFile; fileRef = 754249E8270F7AB2004D217B /* GeometryProxy.swift */; };
		754249EB270F7AE0004D217B /* NSAttributedString.swift in Sources */ = {isa = PBXBuildFile; fileRef = 754249EA270F7AE0004D217B /* NSAttributedString.swift */; };
		754249F3270F86BE004D217B /* CLExpandableText.swift in Sources */ = {isa = PBXBuildFile; fileRef = 754249F2270F86BE004D217B /* CLExpandableText.swift */; };
		756C010D270BB74A00136DF8 /* Attribute.swift in Sources */ = {isa = PBXBuildFile; fileRef = 756C010C270BB74A00136DF8 /* Attribute.swift */; };
		756C0111270BBB7100136DF8 /* CLSingleLineTextEditor.swift in Sources */ = {isa = PBXBuildFile; fileRef = 756C0110270BBB7100136DF8 /* CLSingleLineTextEditor.swift */; };
		756C0113270BBC6700136DF8 /* CLInfoCard.swift in Sources */ = {isa = PBXBuildFile; fileRef = 756C0112270BBC6700136DF8 /* CLInfoCard.swift */; };
		756C0115270BC02800136DF8 /* CLIcon.swift in Sources */ = {isa = PBXBuildFile; fileRef = 756C0114270BC02800136DF8 /* CLIcon.swift */; };
		756C0117270BC05F00136DF8 /* CLNewBadge.swift in Sources */ = {isa = PBXBuildFile; fileRef = 756C0116270BC05F00136DF8 /* CLNewBadge.swift */; };
		756C011A270BC0C900136DF8 /* OnLoad.swift in Sources */ = {isa = PBXBuildFile; fileRef = 756C0119270BC0C900136DF8 /* OnLoad.swift */; };
		756C011D270BC88A00136DF8 /* CUHttp.swift in Sources */ = {isa = PBXBuildFile; fileRef = 756C011C270BC88A00136DF8 /* CUHttp.swift */; };
		756C011F270BC8AD00136DF8 /* CUThreadHelper.swift in Sources */ = {isa = PBXBuildFile; fileRef = 756C011E270BC8AD00136DF8 /* CUThreadHelper.swift */; };
		756C0121270BCFC400136DF8 /* CUVibrate.swift in Sources */ = {isa = PBXBuildFile; fileRef = 756C0120270BCFC400136DF8 /* CUVibrate.swift */; };
		756C0123270BD0B100136DF8 /* CLFeedTitle.swift in Sources */ = {isa = PBXBuildFile; fileRef = 756C0122270BD0B100136DF8 /* CLFeedTitle.swift */; };
		756C0125270BD12000136DF8 /* CLFeedFooter.swift in Sources */ = {isa = PBXBuildFile; fileRef = 756C0124270BD12000136DF8 /* CLFeedFooter.swift */; };
		756C0127270BD17D00136DF8 /* CLTextFieldLabel.swift in Sources */ = {isa = PBXBuildFile; fileRef = 756C0126270BD17D00136DF8 /* CLTextFieldLabel.swift */; };
		756C0129270BD1C600136DF8 /* CLTextWithNewBadge.swift in Sources */ = {isa = PBXBuildFile; fileRef = 756C0128270BD1C600136DF8 /* CLTextWithNewBadge.swift */; };
		756C012B270BD62A00136DF8 /* HideNavigationBar.swift in Sources */ = {isa = PBXBuildFile; fileRef = 756C012A270BD62A00136DF8 /* HideNavigationBar.swift */; };
		756C012D270BD6D100136DF8 /* OnRotate.swift in Sources */ = {isa = PBXBuildFile; fileRef = 756C012C270BD6D100136DF8 /* OnRotate.swift */; };
		756C0131270BD85D00136DF8 /* CLSearchBar.swift in Sources */ = {isa = PBXBuildFile; fileRef = 756C0130270BD85D00136DF8 /* CLSearchBar.swift */; };
		756C0133270BD95100136DF8 /* CLBlurView.swift in Sources */ = {isa = PBXBuildFile; fileRef = 756C0132270BD95100136DF8 /* CLBlurView.swift */; };
		756C0135270BD9CB00136DF8 /* CLWebview.swift in Sources */ = {isa = PBXBuildFile; fileRef = 756C0134270BD9CB00136DF8 /* CLWebview.swift */; };
		756C0137270BDA8900136DF8 /* NavigationBar.swift in Sources */ = {isa = PBXBuildFile; fileRef = 756C0136270BDA8900136DF8 /* NavigationBar.swift */; };
		756C0139270BDB0F00136DF8 /* CULanguage.swift in Sources */ = {isa = PBXBuildFile; fileRef = 756C0138270BDB0F00136DF8 /* CULanguage.swift */; };
		756C013B270BDD0700136DF8 /* UIApplication.swift in Sources */ = {isa = PBXBuildFile; fileRef = 756C013A270BDD0700136DF8 /* UIApplication.swift */; };
		756C013E270BDFE900136DF8 /* Localizable.strings in Resources */ = {isa = PBXBuildFile; fileRef = 756C0140270BDFE900136DF8 /* Localizable.strings */; };
		756C0145270BE9FE00136DF8 /* PrimaryButtonStyle.swift in Sources */ = {isa = PBXBuildFile; fileRef = 756C0144270BE9FE00136DF8 /* PrimaryButtonStyle.swift */; };
		756C0147270BEA8200136DF8 /* PrimaryTextFieldStyle.swift in Sources */ = {isa = PBXBuildFile; fileRef = 756C0146270BEA8200136DF8 /* PrimaryTextFieldStyle.swift */; };
		756C0149270BEAE700136DF8 /* SecondaryButtonStyle.swift in Sources */ = {isa = PBXBuildFile; fileRef = 756C0148270BEAE700136DF8 /* SecondaryButtonStyle.swift */; };
		756C014B270BEB2C00136DF8 /* ChatTextFieldStyle.swift in Sources */ = {isa = PBXBuildFile; fileRef = 756C014A270BEB2C00136DF8 /* ChatTextFieldStyle.swift */; };
		756C014D270BEB8100136DF8 /* RoundedButtonStyle.swift in Sources */ = {isa = PBXBuildFile; fileRef = 756C014C270BEB8100136DF8 /* RoundedButtonStyle.swift */; };
		756C014F270BEC4500136DF8 /* SecondaryAltButtonStyle.swift in Sources */ = {isa = PBXBuildFile; fileRef = 756C014E270BEC4500136DF8 /* SecondaryAltButtonStyle.swift */; };
		756C0151270BEE5500136DF8 /* IconRoundOverImageButtonStyle.swift in Sources */ = {isa = PBXBuildFile; fileRef = 756C0150270BEE5500136DF8 /* IconRoundOverImageButtonStyle.swift */; };
		756C0153270BEE7F00136DF8 /* ImageOverlayButtonStyle.swift in Sources */ = {isa = PBXBuildFile; fileRef = 756C0152270BEE7F00136DF8 /* ImageOverlayButtonStyle.swift */; };
		75783B1F270C0CEA008A9E66 /* Int.swift in Sources */ = {isa = PBXBuildFile; fileRef = 75783B1E270C0CEA008A9E66 /* Int.swift */; };
		758C627A2708BC2A008CF28A /* CleanUI.docc in Sources */ = {isa = PBXBuildFile; fileRef = 758C62792708BC2A008CF28A /* CleanUI.docc */; };
		758C62862708BC2A008CF28A /* CleanUI.h in Headers */ = {isa = PBXBuildFile; fileRef = 758C62782708BC2A008CF28A /* CleanUI.h */; settings = {ATTRIBUTES = (Public, ); }; };
		758C62BF2708BCAC008CF28A /* CLCard.swift in Sources */ = {isa = PBXBuildFile; fileRef = 758C62BE2708BCAC008CF28A /* CLCard.swift */; };
		758C62C82708BF0D008CF28A /* Color.swift in Sources */ = {isa = PBXBuildFile; fileRef = 758C62C72708BF0D008CF28A /* Color.swift */; };
		75B1CB87270CCE9E000089F9 /* PinchToZoom.swift in Sources */ = {isa = PBXBuildFile; fileRef = 75B1CB86270CCE9E000089F9 /* PinchToZoom.swift */; };
		75B1CB89270CCF29000089F9 /* UIColor.swift in Sources */ = {isa = PBXBuildFile; fileRef = 75B1CB88270CCF29000089F9 /* UIColor.swift */; };
		75B1CB8B270CCFB0000089F9 /* UIImage.swift in Sources */ = {isa = PBXBuildFile; fileRef = 75B1CB8A270CCFB0000089F9 /* UIImage.swift */; };
		75B1CB8D270CCFE6000089F9 /* Double.swift in Sources */ = {isa = PBXBuildFile; fileRef = 75B1CB8C270CCFE6000089F9 /* Double.swift */; };
		75B1CB8F270CD195000089F9 /* CGFloat.swift in Sources */ = {isa = PBXBuildFile; fileRef = 75B1CB8E270CD195000089F9 /* CGFloat.swift */; };
		75B1CB91270CD206000089F9 /* UIDevice.swift in Sources */ = {isa = PBXBuildFile; fileRef = 75B1CB90270CD206000089F9 /* UIDevice.swift */; };
		75B1CB93270CD24D000089F9 /* Image.swift in Sources */ = {isa = PBXBuildFile; fileRef = 75B1CB92270CD24D000089F9 /* Image.swift */; };
		75B1CB95270CD2A2000089F9 /* UIScrollView.swift in Sources */ = {isa = PBXBuildFile; fileRef = 75B1CB94270CD2A2000089F9 /* UIScrollView.swift */; };
		75B1CB97270CD2E0000089F9 /* UIView.swift in Sources */ = {isa = PBXBuildFile; fileRef = 75B1CB96270CD2E0000089F9 /* UIView.swift */; };
		75B1CBA8270CE44D000089F9 /* CUVideoHelper.swift in Sources */ = {isa = PBXBuildFile; fileRef = 75B1CBA7270CE44D000089F9 /* CUVideoHelper.swift */; };
		75B1CBAA270CE47C000089F9 /* AVURLAsset.swift in Sources */ = {isa = PBXBuildFile; fileRef = 75B1CBA9270CE47C000089F9 /* AVURLAsset.swift */; };
		75B1CBAE270CE613000089F9 /* VideoExportQuality.swift in Sources */ = {isa = PBXBuildFile; fileRef = 75B1CBAD270CE613000089F9 /* VideoExportQuality.swift */; };
		75B1CBB5270CE961000089F9 /* CLTextFieldProgress.swift in Sources */ = {isa = PBXBuildFile; fileRef = 75B1CBB4270CE961000089F9 /* CLTextFieldProgress.swift */; };
		75B1CBB7270CE9F5000089F9 /* CLCircularProgress.swift in Sources */ = {isa = PBXBuildFile; fileRef = 75B1CBB6270CE9F5000089F9 /* CLCircularProgress.swift */; };
		75B1CBB9270CEA27000089F9 /* CLKnogglGradient.swift in Sources */ = {isa = PBXBuildFile; fileRef = 75B1CBB8270CEA27000089F9 /* CLKnogglGradient.swift */; };
		75B1CBBB270CEAE7000089F9 /* CLLinearProgress.swift in Sources */ = {isa = PBXBuildFile; fileRef = 75B1CBBA270CEAE7000089F9 /* CLLinearProgress.swift */; };
		75B1CBCD270CF932000089F9 /* CLLoadingIndicator.swift in Sources */ = {isa = PBXBuildFile; fileRef = 75B1CBCC270CF932000089F9 /* CLLoadingIndicator.swift */; };
		75B1CBD3270CFFE3000089F9 /* CLUrlImage.swift in Sources */ = {isa = PBXBuildFile; fileRef = 75B1CBD2270CFFE3000089F9 /* CLUrlImage.swift */; };
		75B1CBD5270D0002000089F9 /* ImageCache.swift in Sources */ = {isa = PBXBuildFile; fileRef = 75B1CBD4270D0002000089F9 /* ImageCache.swift */; };
		75C3B67527127D4D00CDC411 /* CUStandard.swift in Sources */ = {isa = PBXBuildFile; fileRef = 75C3B67427127D4D00CDC411 /* CUStandard.swift */; };
		75C3B6772712976400CDC411 /* CUNavigation.swift in Sources */ = {isa = PBXBuildFile; fileRef = 75C3B6762712976400CDC411 /* CUNavigation.swift */; };
		75C3B67927129C6900CDC411 /* CUGlobal.swift in Sources */ = {isa = PBXBuildFile; fileRef = 75C3B67827129C6900CDC411 /* CUGlobal.swift */; };
		75C3B67C2712A01B00CDC411 /* CUAlert.swift in Sources */ = {isa = PBXBuildFile; fileRef = 75C3B67B2712A01B00CDC411 /* CUAlert.swift */; };
		75C3B67E2712A07200CDC411 /* CUAlertModel.swift in Sources */ = {isa = PBXBuildFile; fileRef = 75C3B67D2712A07200CDC411 /* CUAlertModel.swift */; };
		75C3B6802712A3D700CDC411 /* CUAlertMessage.swift in Sources */ = {isa = PBXBuildFile; fileRef = 75C3B67F2712A3D700CDC411 /* CUAlertMessage.swift */; };
		75C3B6822712A59500CDC411 /* CUSheet.swift in Sources */ = {isa = PBXBuildFile; fileRef = 75C3B6812712A59500CDC411 /* CUSheet.swift */; };
		75C3B6852712A6EB00CDC411 /* RoundedCorner.swift in Sources */ = {isa = PBXBuildFile; fileRef = 75C3B6842712A6EB00CDC411 /* RoundedCorner.swift */; };
		75C3B6892712AECC00CDC411 /* CUInAppNotification.swift in Sources */ = {isa = PBXBuildFile; fileRef = 75C3B6882712AECC00CDC411 /* CUInAppNotification.swift */; };
		75E941852724AFC500DA606A /* README.md in Resources */ = {isa = PBXBuildFile; fileRef = 75E941842724AFC500DA606A /* README.md */; };
		75E9CA61271998A500E211D6 /* CLScrollOffsetReader.swift in Sources */ = {isa = PBXBuildFile; fileRef = 75E9CA60271998A500E211D6 /* CLScrollOffsetReader.swift */; };
		75E9CA632719B82900E211D6 /* UIViewController.swift in Sources */ = {isa = PBXBuildFile; fileRef = 75E9CA622719B82900E211D6 /* UIViewController.swift */; };
/* End PBXBuildFile section */

/* Begin PBXContainerItemProxy section */
		751360A3270BA6FA002E74AF /* PBXContainerItemProxy */ = {
			isa = PBXContainerItemProxy;
			containerPortal = 758C626C2708BC2A008CF28A /* Project object */;
			proxyType = 1;
			remoteGlobalIDString = 758C62742708BC2A008CF28A;
			remoteInfo = CleanUI;
		};
/* End PBXContainerItemProxy section */

/* Begin PBXCopyFilesBuildPhase section */
		751360A5270BA6FA002E74AF /* Embed Frameworks */ = {
			isa = PBXCopyFilesBuildPhase;
			buildActionMask = 2147483647;
			dstPath = "";
			dstSubfolderSpec = 10;
			files = (
				751360A2270BA6FA002E74AF /* CleanUI.framework in Embed Frameworks */,
			);
			name = "Embed Frameworks";
			runOnlyForDeploymentPostprocessing = 0;
		};
/* End PBXCopyFilesBuildPhase section */

/* Begin PBXFileReference section */
		75023B57270D3C2800EF4098 /* Date.swift */ = {isa = PBXFileReference; lastKnownFileType = sourcecode.swift; path = Date.swift; sourceTree = "<group>"; };
		75023B59270D3CA200EF4098 /* CUTime.swift */ = {isa = PBXFileReference; lastKnownFileType = sourcecode.swift; path = CUTime.swift; sourceTree = "<group>"; };
		75023B5B270D3E7B00EF4098 /* CLDateTime.swift */ = {isa = PBXFileReference; lastKnownFileType = sourcecode.swift; path = CLDateTime.swift; sourceTree = "<group>"; };
		75023B61270D46E900EF4098 /* CLScrollView.swift */ = {isa = PBXFileReference; lastKnownFileType = sourcecode.swift; path = CLScrollView.swift; sourceTree = "<group>"; };
		75023B8D270D51A800EF4098 /* ImageProvider.swift */ = {isa = PBXFileReference; lastKnownFileType = sourcecode.swift; path = ImageProvider.swift; sourceTree = "<group>"; };
		7513608B270BA493002E74AF /* Assets.xcassets */ = {isa = PBXFileReference; lastKnownFileType = folder.assetcatalog; path = Assets.xcassets; sourceTree = "<group>"; };
		75136093270BA6E8002E74AF /* CleanUIDemo.app */ = {isa = PBXFileReference; explicitFileType = wrapper.application; includeInIndex = 0; path = CleanUIDemo.app; sourceTree = BUILT_PRODUCTS_DIR; };
		75136095270BA6E8002E74AF /* CleanUIDemoApp.swift */ = {isa = PBXFileReference; lastKnownFileType = sourcecode.swift; path = CleanUIDemoApp.swift; sourceTree = "<group>"; };
		75136097270BA6E8002E74AF /* ContentView.swift */ = {isa = PBXFileReference; lastKnownFileType = sourcecode.swift; path = ContentView.swift; sourceTree = "<group>"; };
		75136099270BA6E9002E74AF /* Assets.xcassets */ = {isa = PBXFileReference; lastKnownFileType = folder.assetcatalog; path = Assets.xcassets; sourceTree = "<group>"; };
		7513609C270BA6E9002E74AF /* Preview Assets.xcassets */ = {isa = PBXFileReference; lastKnownFileType = folder.assetcatalog; path = "Preview Assets.xcassets"; sourceTree = "<group>"; };
		751360A7270BAB52002E74AF /* ColorProvider.swift */ = {isa = PBXFileReference; lastKnownFileType = sourcecode.swift; path = ColorProvider.swift; sourceTree = "<group>"; };
		751360AC270BADD6002E74AF /* CLDescriptiveNumber.swift */ = {isa = PBXFileReference; lastKnownFileType = sourcecode.swift; path = CLDescriptiveNumber.swift; sourceTree = "<group>"; };
		751360AE270BADF8002E74AF /* View.swift */ = {isa = PBXFileReference; lastKnownFileType = sourcecode.swift; path = View.swift; sourceTree = "<group>"; };
		751360B1270BB5D0002E74AF /* CLTextEditor.swift */ = {isa = PBXFileReference; lastKnownFileType = sourcecode.swift; path = CLTextEditor.swift; sourceTree = "<group>"; };
		751360B3270BB653002E74AF /* String.swift */ = {isa = PBXFileReference; lastKnownFileType = sourcecode.swift; path = String.swift; sourceTree = "<group>"; };
		751360B5270BB6A3002E74AF /* Font.swift */ = {isa = PBXFileReference; lastKnownFileType = sourcecode.swift; path = Font.swift; sourceTree = "<group>"; };
		7513F5E02713EB7C0099BEA1 /* CUBrowser.swift */ = {isa = PBXFileReference; lastKnownFileType = sourcecode.swift; path = CUBrowser.swift; sourceTree = "<group>"; };
		7513F5E327141DE70099BEA1 /* CUBrowserView.swift */ = {isa = PBXFileReference; lastKnownFileType = sourcecode.swift; path = CUBrowserView.swift; sourceTree = "<group>"; };
		7513F5E527141E170099BEA1 /* CUSheetView.swift */ = {isa = PBXFileReference; lastKnownFileType = sourcecode.swift; path = CUSheetView.swift; sourceTree = "<group>"; };
		7513F5E727141EBD0099BEA1 /* CUAlertView.swift */ = {isa = PBXFileReference; lastKnownFileType = sourcecode.swift; path = CUAlertView.swift; sourceTree = "<group>"; };
		7513F5E927141EE80099BEA1 /* ColorsView.swift */ = {isa = PBXFileReference; lastKnownFileType = sourcecode.swift; path = ColorsView.swift; sourceTree = "<group>"; };
		7513F5EB27141F0B0099BEA1 /* CUAlertMessageView.swift */ = {isa = PBXFileReference; lastKnownFileType = sourcecode.swift; path = CUAlertMessageView.swift; sourceTree = "<group>"; };
		7513F5ED27141F370099BEA1 /* CUInAppNotificationView.swift */ = {isa = PBXFileReference; lastKnownFileType = sourcecode.swift; path = CUInAppNotificationView.swift; sourceTree = "<group>"; };
		7513F5F12714321A0099BEA1 /* CLSheet.swift */ = {isa = PBXFileReference; lastKnownFileType = sourcecode.swift; path = CLSheet.swift; sourceTree = "<group>"; };
		7513F5F6271432440099BEA1 /* CLAlert.swift */ = {isa = PBXFileReference; lastKnownFileType = sourcecode.swift; path = CLAlert.swift; sourceTree = "<group>"; };
		7513F5F8271432690099BEA1 /* CLSheetMenu.swift */ = {isa = PBXFileReference; lastKnownFileType = sourcecode.swift; path = CLSheetMenu.swift; sourceTree = "<group>"; };
		7513F5FA2714328B0099BEA1 /* CLSheetConfirmView.swift */ = {isa = PBXFileReference; lastKnownFileType = sourcecode.swift; path = CLSheetConfirmView.swift; sourceTree = "<group>"; };
		7513F5FC271432A00099BEA1 /* CLSheetTitle.swift */ = {isa = PBXFileReference; lastKnownFileType = sourcecode.swift; path = CLSheetTitle.swift; sourceTree = "<group>"; };
		7513F5FE271432C30099BEA1 /* CLAlertConfirmView.swift */ = {isa = PBXFileReference; lastKnownFileType = sourcecode.swift; path = CLAlertConfirmView.swift; sourceTree = "<group>"; };
		7517FE6A270E779D00D18846 /* build.sh */ = {isa = PBXFileReference; fileEncoding = 4; lastKnownFileType = text.script.sh; path = build.sh; sourceTree = "<group>"; };
		7521ACA327100B2B001431A2 /* ViewPresentationWrapperPage.swift */ = {isa = PBXFileReference; lastKnownFileType = sourcecode.swift; path = ViewPresentationWrapperPage.swift; sourceTree = "<group>"; };
		7521ACA527101E5B001431A2 /* CLNavigationView.swift */ = {isa = PBXFileReference; lastKnownFileType = sourcecode.swift; path = CLNavigationView.swift; sourceTree = "<group>"; };
		7521ACA727102E30001431A2 /* UINavigationController.swift */ = {isa = PBXFileReference; lastKnownFileType = sourcecode.swift; path = UINavigationController.swift; sourceTree = "<group>"; };
		7521ACA927103009001431A2 /* ViewControllerTransitions.swift */ = {isa = PBXFileReference; lastKnownFileType = sourcecode.swift; path = ViewControllerTransitions.swift; sourceTree = "<group>"; };
		75269A3C270CAC38007898A7 /* PrimaryButtonTheme.swift */ = {isa = PBXFileReference; lastKnownFileType = sourcecode.swift; path = PrimaryButtonTheme.swift; sourceTree = "<group>"; };
		753F82F627159AC1002B4C0F /* CUViewModel.swift */ = {isa = PBXFileReference; lastKnownFileType = sourcecode.swift; path = CUViewModel.swift; sourceTree = "<group>"; };
		753F82FB27159D44002B4C0F /* CLSheetViewModel.swift */ = {isa = PBXFileReference; lastKnownFileType = sourcecode.swift; path = CLSheetViewModel.swift; sourceTree = "<group>"; };
		753F82FD27159E7B002B4C0F /* CLAlertViewModel.swift */ = {isa = PBXFileReference; lastKnownFileType = sourcecode.swift; path = CLAlertViewModel.swift; sourceTree = "<group>"; };
		753F82FF2715A403002B4C0F /* CLIcon.Offset.swift */ = {isa = PBXFileReference; lastKnownFileType = sourcecode.swift; path = CLIcon.Offset.swift; sourceTree = "<group>"; };
		753F83012715A54C002B4C0F /* CLIconView.swift */ = {isa = PBXFileReference; lastKnownFileType = sourcecode.swift; path = CLIconView.swift; sourceTree = "<group>"; };
		754249E6270F79E8004D217B /* CLRichText.swift */ = {isa = PBXFileReference; lastKnownFileType = sourcecode.swift; path = CLRichText.swift; sourceTree = "<group>"; };
		754249E8270F7AB2004D217B /* GeometryProxy.swift */ = {isa = PBXFileReference; lastKnownFileType = sourcecode.swift; path = GeometryProxy.swift; sourceTree = "<group>"; };
		754249EA270F7AE0004D217B /* NSAttributedString.swift */ = {isa = PBXFileReference; lastKnownFileType = sourcecode.swift; path = NSAttributedString.swift; sourceTree = "<group>"; };
		754249F2270F86BE004D217B /* CLExpandableText.swift */ = {isa = PBXFileReference; lastKnownFileType = sourcecode.swift; path = CLExpandableText.swift; sourceTree = "<group>"; };
		756C010C270BB74A00136DF8 /* Attribute.swift */ = {isa = PBXFileReference; lastKnownFileType = sourcecode.swift; path = Attribute.swift; sourceTree = "<group>"; };
		756C0110270BBB7100136DF8 /* CLSingleLineTextEditor.swift */ = {isa = PBXFileReference; lastKnownFileType = sourcecode.swift; path = CLSingleLineTextEditor.swift; sourceTree = "<group>"; };
		756C0112270BBC6700136DF8 /* CLInfoCard.swift */ = {isa = PBXFileReference; lastKnownFileType = sourcecode.swift; path = CLInfoCard.swift; sourceTree = "<group>"; };
		756C0114270BC02800136DF8 /* CLIcon.swift */ = {isa = PBXFileReference; lastKnownFileType = sourcecode.swift; path = CLIcon.swift; sourceTree = "<group>"; };
		756C0116270BC05F00136DF8 /* CLNewBadge.swift */ = {isa = PBXFileReference; lastKnownFileType = sourcecode.swift; path = CLNewBadge.swift; sourceTree = "<group>"; };
		756C0119270BC0C900136DF8 /* OnLoad.swift */ = {isa = PBXFileReference; lastKnownFileType = sourcecode.swift; path = OnLoad.swift; sourceTree = "<group>"; };
		756C011C270BC88A00136DF8 /* CUHttp.swift */ = {isa = PBXFileReference; lastKnownFileType = sourcecode.swift; path = CUHttp.swift; sourceTree = "<group>"; };
		756C011E270BC8AD00136DF8 /* CUThreadHelper.swift */ = {isa = PBXFileReference; lastKnownFileType = sourcecode.swift; path = CUThreadHelper.swift; sourceTree = "<group>"; };
		756C0120270BCFC400136DF8 /* CUVibrate.swift */ = {isa = PBXFileReference; lastKnownFileType = sourcecode.swift; path = CUVibrate.swift; sourceTree = "<group>"; };
		756C0122270BD0B100136DF8 /* CLFeedTitle.swift */ = {isa = PBXFileReference; lastKnownFileType = sourcecode.swift; path = CLFeedTitle.swift; sourceTree = "<group>"; };
		756C0124270BD12000136DF8 /* CLFeedFooter.swift */ = {isa = PBXFileReference; lastKnownFileType = sourcecode.swift; path = CLFeedFooter.swift; sourceTree = "<group>"; };
		756C0126270BD17D00136DF8 /* CLTextFieldLabel.swift */ = {isa = PBXFileReference; lastKnownFileType = sourcecode.swift; path = CLTextFieldLabel.swift; sourceTree = "<group>"; };
		756C0128270BD1C600136DF8 /* CLTextWithNewBadge.swift */ = {isa = PBXFileReference; lastKnownFileType = sourcecode.swift; path = CLTextWithNewBadge.swift; sourceTree = "<group>"; };
		756C012A270BD62A00136DF8 /* HideNavigationBar.swift */ = {isa = PBXFileReference; lastKnownFileType = sourcecode.swift; path = HideNavigationBar.swift; sourceTree = "<group>"; };
		756C012C270BD6D100136DF8 /* OnRotate.swift */ = {isa = PBXFileReference; lastKnownFileType = sourcecode.swift; path = OnRotate.swift; sourceTree = "<group>"; };
		756C0130270BD85D00136DF8 /* CLSearchBar.swift */ = {isa = PBXFileReference; lastKnownFileType = sourcecode.swift; path = CLSearchBar.swift; sourceTree = "<group>"; };
		756C0132270BD95100136DF8 /* CLBlurView.swift */ = {isa = PBXFileReference; lastKnownFileType = sourcecode.swift; path = CLBlurView.swift; sourceTree = "<group>"; };
		756C0134270BD9CB00136DF8 /* CLWebview.swift */ = {isa = PBXFileReference; lastKnownFileType = sourcecode.swift; path = CLWebview.swift; sourceTree = "<group>"; };
		756C0136270BDA8900136DF8 /* NavigationBar.swift */ = {isa = PBXFileReference; lastKnownFileType = sourcecode.swift; path = NavigationBar.swift; sourceTree = "<group>"; };
		756C0138270BDB0F00136DF8 /* CULanguage.swift */ = {isa = PBXFileReference; lastKnownFileType = sourcecode.swift; path = CULanguage.swift; sourceTree = "<group>"; };
		756C013A270BDD0700136DF8 /* UIApplication.swift */ = {isa = PBXFileReference; lastKnownFileType = sourcecode.swift; path = UIApplication.swift; sourceTree = "<group>"; };
		756C013F270BDFE900136DF8 /* en */ = {isa = PBXFileReference; lastKnownFileType = text.plist.strings; name = en; path = en.lproj/Localizable.strings; sourceTree = "<group>"; };
		756C0141270BE00D00136DF8 /* de */ = {isa = PBXFileReference; lastKnownFileType = text.plist.strings; name = de; path = de.lproj/Localizable.strings; sourceTree = "<group>"; };
		756C0142270BE02200136DF8 /* ru */ = {isa = PBXFileReference; lastKnownFileType = text.plist.strings; name = ru; path = ru.lproj/Localizable.strings; sourceTree = "<group>"; };
		756C0144270BE9FE00136DF8 /* PrimaryButtonStyle.swift */ = {isa = PBXFileReference; lastKnownFileType = sourcecode.swift; path = PrimaryButtonStyle.swift; sourceTree = "<group>"; };
		756C0146270BEA8200136DF8 /* PrimaryTextFieldStyle.swift */ = {isa = PBXFileReference; lastKnownFileType = sourcecode.swift; path = PrimaryTextFieldStyle.swift; sourceTree = "<group>"; };
		756C0148270BEAE700136DF8 /* SecondaryButtonStyle.swift */ = {isa = PBXFileReference; lastKnownFileType = sourcecode.swift; path = SecondaryButtonStyle.swift; sourceTree = "<group>"; };
		756C014A270BEB2C00136DF8 /* ChatTextFieldStyle.swift */ = {isa = PBXFileReference; lastKnownFileType = sourcecode.swift; path = ChatTextFieldStyle.swift; sourceTree = "<group>"; };
		756C014C270BEB8100136DF8 /* RoundedButtonStyle.swift */ = {isa = PBXFileReference; lastKnownFileType = sourcecode.swift; path = RoundedButtonStyle.swift; sourceTree = "<group>"; };
		756C014E270BEC4500136DF8 /* SecondaryAltButtonStyle.swift */ = {isa = PBXFileReference; lastKnownFileType = sourcecode.swift; path = SecondaryAltButtonStyle.swift; sourceTree = "<group>"; };
		756C0150270BEE5500136DF8 /* IconRoundOverImageButtonStyle.swift */ = {isa = PBXFileReference; lastKnownFileType = sourcecode.swift; path = IconRoundOverImageButtonStyle.swift; sourceTree = "<group>"; };
		756C0152270BEE7F00136DF8 /* ImageOverlayButtonStyle.swift */ = {isa = PBXFileReference; lastKnownFileType = sourcecode.swift; path = ImageOverlayButtonStyle.swift; sourceTree = "<group>"; };
		75783B1E270C0CEA008A9E66 /* Int.swift */ = {isa = PBXFileReference; lastKnownFileType = sourcecode.swift; path = Int.swift; sourceTree = "<group>"; };
		758C62752708BC2A008CF28A /* CleanUI.framework */ = {isa = PBXFileReference; explicitFileType = wrapper.framework; includeInIndex = 0; path = CleanUI.framework; sourceTree = BUILT_PRODUCTS_DIR; };
		758C62782708BC2A008CF28A /* CleanUI.h */ = {isa = PBXFileReference; lastKnownFileType = sourcecode.c.h; path = CleanUI.h; sourceTree = "<group>"; };
		758C62792708BC2A008CF28A /* CleanUI.docc */ = {isa = PBXFileReference; lastKnownFileType = folder.documentationcatalog; path = CleanUI.docc; sourceTree = "<group>"; };
		758C62BE2708BCAC008CF28A /* CLCard.swift */ = {isa = PBXFileReference; lastKnownFileType = sourcecode.swift; path = CLCard.swift; sourceTree = "<group>"; };
		758C62C72708BF0D008CF28A /* Color.swift */ = {isa = PBXFileReference; lastKnownFileType = sourcecode.swift; path = Color.swift; sourceTree = "<group>"; };
		75B1CB86270CCE9E000089F9 /* PinchToZoom.swift */ = {isa = PBXFileReference; lastKnownFileType = sourcecode.swift; path = PinchToZoom.swift; sourceTree = "<group>"; };
		75B1CB88270CCF29000089F9 /* UIColor.swift */ = {isa = PBXFileReference; lastKnownFileType = sourcecode.swift; path = UIColor.swift; sourceTree = "<group>"; };
		75B1CB8A270CCFB0000089F9 /* UIImage.swift */ = {isa = PBXFileReference; lastKnownFileType = sourcecode.swift; path = UIImage.swift; sourceTree = "<group>"; };
		75B1CB8C270CCFE6000089F9 /* Double.swift */ = {isa = PBXFileReference; lastKnownFileType = sourcecode.swift; path = Double.swift; sourceTree = "<group>"; };
		75B1CB8E270CD195000089F9 /* CGFloat.swift */ = {isa = PBXFileReference; lastKnownFileType = sourcecode.swift; path = CGFloat.swift; sourceTree = "<group>"; };
		75B1CB90270CD206000089F9 /* UIDevice.swift */ = {isa = PBXFileReference; lastKnownFileType = sourcecode.swift; path = UIDevice.swift; sourceTree = "<group>"; };
		75B1CB92270CD24D000089F9 /* Image.swift */ = {isa = PBXFileReference; lastKnownFileType = sourcecode.swift; path = Image.swift; sourceTree = "<group>"; };
		75B1CB94270CD2A2000089F9 /* UIScrollView.swift */ = {isa = PBXFileReference; lastKnownFileType = sourcecode.swift; path = UIScrollView.swift; sourceTree = "<group>"; };
		75B1CB96270CD2E0000089F9 /* UIView.swift */ = {isa = PBXFileReference; lastKnownFileType = sourcecode.swift; path = UIView.swift; sourceTree = "<group>"; };
		75B1CBA7270CE44D000089F9 /* CUVideoHelper.swift */ = {isa = PBXFileReference; lastKnownFileType = sourcecode.swift; path = CUVideoHelper.swift; sourceTree = "<group>"; };
		75B1CBA9270CE47C000089F9 /* AVURLAsset.swift */ = {isa = PBXFileReference; lastKnownFileType = sourcecode.swift; path = AVURLAsset.swift; sourceTree = "<group>"; };
		75B1CBAD270CE613000089F9 /* VideoExportQuality.swift */ = {isa = PBXFileReference; lastKnownFileType = sourcecode.swift; path = VideoExportQuality.swift; sourceTree = "<group>"; };
		75B1CBB4270CE961000089F9 /* CLTextFieldProgress.swift */ = {isa = PBXFileReference; lastKnownFileType = sourcecode.swift; path = CLTextFieldProgress.swift; sourceTree = "<group>"; };
		75B1CBB6270CE9F5000089F9 /* CLCircularProgress.swift */ = {isa = PBXFileReference; lastKnownFileType = sourcecode.swift; path = CLCircularProgress.swift; sourceTree = "<group>"; };
		75B1CBB8270CEA27000089F9 /* CLKnogglGradient.swift */ = {isa = PBXFileReference; lastKnownFileType = sourcecode.swift; path = CLKnogglGradient.swift; sourceTree = "<group>"; };
		75B1CBBA270CEAE7000089F9 /* CLLinearProgress.swift */ = {isa = PBXFileReference; lastKnownFileType = sourcecode.swift; path = CLLinearProgress.swift; sourceTree = "<group>"; };
		75B1CBCC270CF932000089F9 /* CLLoadingIndicator.swift */ = {isa = PBXFileReference; lastKnownFileType = sourcecode.swift; path = CLLoadingIndicator.swift; sourceTree = "<group>"; };
		75B1CBD2270CFFE3000089F9 /* CLUrlImage.swift */ = {isa = PBXFileReference; lastKnownFileType = sourcecode.swift; path = CLUrlImage.swift; sourceTree = "<group>"; };
		75B1CBD4270D0002000089F9 /* ImageCache.swift */ = {isa = PBXFileReference; lastKnownFileType = sourcecode.swift; path = ImageCache.swift; sourceTree = "<group>"; };
		75C3B67427127D4D00CDC411 /* CUStandard.swift */ = {isa = PBXFileReference; lastKnownFileType = sourcecode.swift; path = CUStandard.swift; sourceTree = "<group>"; };
		75C3B6762712976400CDC411 /* CUNavigation.swift */ = {isa = PBXFileReference; lastKnownFileType = sourcecode.swift; path = CUNavigation.swift; sourceTree = "<group>"; };
		75C3B67827129C6900CDC411 /* CUGlobal.swift */ = {isa = PBXFileReference; lastKnownFileType = sourcecode.swift; path = CUGlobal.swift; sourceTree = "<group>"; };
		75C3B67B2712A01B00CDC411 /* CUAlert.swift */ = {isa = PBXFileReference; lastKnownFileType = sourcecode.swift; path = CUAlert.swift; sourceTree = "<group>"; };
		75C3B67D2712A07200CDC411 /* CUAlertModel.swift */ = {isa = PBXFileReference; lastKnownFileType = sourcecode.swift; path = CUAlertModel.swift; sourceTree = "<group>"; };
		75C3B67F2712A3D700CDC411 /* CUAlertMessage.swift */ = {isa = PBXFileReference; lastKnownFileType = sourcecode.swift; path = CUAlertMessage.swift; sourceTree = "<group>"; };
		75C3B6812712A59500CDC411 /* CUSheet.swift */ = {isa = PBXFileReference; lastKnownFileType = sourcecode.swift; path = CUSheet.swift; sourceTree = "<group>"; };
		75C3B6842712A6EB00CDC411 /* RoundedCorner.swift */ = {isa = PBXFileReference; lastKnownFileType = sourcecode.swift; path = RoundedCorner.swift; sourceTree = "<group>"; };
		75C3B6882712AECC00CDC411 /* CUInAppNotification.swift */ = {isa = PBXFileReference; lastKnownFileType = sourcecode.swift; path = CUInAppNotification.swift; sourceTree = "<group>"; };
		75E941842724AFC500DA606A /* README.md */ = {isa = PBXFileReference; fileEncoding = 4; lastKnownFileType = net.daringfireball.markdown; path = README.md; sourceTree = "<group>"; };
		75E9CA60271998A500E211D6 /* CLScrollOffsetReader.swift */ = {isa = PBXFileReference; lastKnownFileType = sourcecode.swift; path = CLScrollOffsetReader.swift; sourceTree = "<group>"; };
		75E9CA622719B82900E211D6 /* UIViewController.swift */ = {isa = PBXFileReference; lastKnownFileType = sourcecode.swift; path = UIViewController.swift; sourceTree = "<group>"; };
/* End PBXFileReference section */

/* Begin PBXFrameworksBuildPhase section */
		75136090270BA6E8002E74AF /* Frameworks */ = {
			isa = PBXFrameworksBuildPhase;
			buildActionMask = 2147483647;
			files = (
				751360A1270BA6FA002E74AF /* CleanUI.framework in Frameworks */,
			);
			runOnlyForDeploymentPostprocessing = 0;
		};
		758C62722708BC2A008CF28A /* Frameworks */ = {
			isa = PBXFrameworksBuildPhase;
			buildActionMask = 2147483647;
			files = (
			);
			runOnlyForDeploymentPostprocessing = 0;
		};
/* End PBXFrameworksBuildPhase section */

/* Begin PBXGroup section */
		75023B54270D1D9200EF4098 /* SwiftUI */ = {
			isa = PBXGroup;
			children = (
				758C62C72708BF0D008CF28A /* Color.swift */,
				751360AE270BADF8002E74AF /* View.swift */,
				75B1CB92270CD24D000089F9 /* Image.swift */,
				751360B5270BB6A3002E74AF /* Font.swift */,
				754249E8270F7AB2004D217B /* GeometryProxy.swift */,
			);
			path = SwiftUI;
			sourceTree = "<group>";
		};
		75023B55270D1D9F00EF4098 /* UIKit */ = {
			isa = PBXGroup;
			children = (
				75B1CB88270CCF29000089F9 /* UIColor.swift */,
				7521ACA727102E30001431A2 /* UINavigationController.swift */,
				75B1CB8A270CCFB0000089F9 /* UIImage.swift */,
				75B1CB94270CD2A2000089F9 /* UIScrollView.swift */,
				75B1CB96270CD2E0000089F9 /* UIView.swift */,
				75E9CA622719B82900E211D6 /* UIViewController.swift */,
			);
			path = UIKit;
			sourceTree = "<group>";
		};
		75023B56270D1F7B00EF4098 /* CleanUI */ = {
			isa = PBXGroup;
			children = (
				75B1CBAD270CE613000089F9 /* VideoExportQuality.swift */,
				75B1CBD4270D0002000089F9 /* ImageCache.swift */,
				753F82FF2715A403002B4C0F /* CLIcon.Offset.swift */,
			);
			path = CleanUI;
			sourceTree = "<group>";
		};
		7513608A270BA406002E74AF /* Extensions */ = {
			isa = PBXGroup;
			children = (
				75023B56270D1F7B00EF4098 /* CleanUI */,
				75023B55270D1D9F00EF4098 /* UIKit */,
				75023B54270D1D9200EF4098 /* SwiftUI */,
				75783B1E270C0CEA008A9E66 /* Int.swift */,
				756C013A270BDD0700136DF8 /* UIApplication.swift */,
				751360B3270BB653002E74AF /* String.swift */,
				75B1CB90270CD206000089F9 /* UIDevice.swift */,
				75B1CBA9270CE47C000089F9 /* AVURLAsset.swift */,
				75B1CB8E270CD195000089F9 /* CGFloat.swift */,
				75B1CB8C270CCFE6000089F9 /* Double.swift */,
				75023B57270D3C2800EF4098 /* Date.swift */,
				754249EA270F7AE0004D217B /* NSAttributedString.swift */,
			);
			path = Extensions;
			sourceTree = "<group>";
		};
		75136094270BA6E8002E74AF /* CleanUIDemo */ = {
			isa = PBXGroup;
			children = (
				7521ACA227100B12001431A2 /* Views */,
				75136095270BA6E8002E74AF /* CleanUIDemoApp.swift */,
				75136097270BA6E8002E74AF /* ContentView.swift */,
				75136099270BA6E9002E74AF /* Assets.xcassets */,
				7513609B270BA6E9002E74AF /* Preview Content */,
			);
			path = CleanUIDemo;
			sourceTree = "<group>";
		};
		7513609B270BA6E9002E74AF /* Preview Content */ = {
			isa = PBXGroup;
			children = (
				7513609C270BA6E9002E74AF /* Preview Assets.xcassets */,
			);
			path = "Preview Content";
			sourceTree = "<group>";
		};
		751360A6270BAB38002E74AF /* Main */ = {
			isa = PBXGroup;
			children = (
				75C3B67A27129F7E00CDC411 /* Models */,
				756C011B270BC86F00136DF8 /* Classes */,
				756C010B270BB73B00136DF8 /* Enums */,
				751360A9270BAC0F002E74AF /* Provider */,
				7521ACA927103009001431A2 /* ViewControllerTransitions.swift */,
			);
			path = Main;
			sourceTree = "<group>";
		};
		751360A9270BAC0F002E74AF /* Provider */ = {
			isa = PBXGroup;
			children = (
				751360A7270BAB52002E74AF /* ColorProvider.swift */,
				75023B8D270D51A800EF4098 /* ImageProvider.swift */,
			);
			path = Provider;
			sourceTree = "<group>";
		};
		751360AA270BAD97002E74AF /* Cards */ = {
			isa = PBXGroup;
			children = (
				758C62BE2708BCAC008CF28A /* CLCard.swift */,
				756C0112270BBC6700136DF8 /* CLInfoCard.swift */,
			);
			path = Cards;
			sourceTree = "<group>";
		};
		751360AB270BAD9C002E74AF /* Texts */ = {
			isa = PBXGroup;
			children = (
				756C0128270BD1C600136DF8 /* CLTextWithNewBadge.swift */,
				751360AC270BADD6002E74AF /* CLDescriptiveNumber.swift */,
				756C0122270BD0B100136DF8 /* CLFeedTitle.swift */,
				756C0124270BD12000136DF8 /* CLFeedFooter.swift */,
				756C0126270BD17D00136DF8 /* CLTextFieldLabel.swift */,
				754249E6270F79E8004D217B /* CLRichText.swift */,
				754249F2270F86BE004D217B /* CLExpandableText.swift */,
			);
			path = Texts;
			sourceTree = "<group>";
		};
		751360B0270BB425002E74AF /* TextEditors */ = {
			isa = PBXGroup;
			children = (
				751360B1270BB5D0002E74AF /* CLTextEditor.swift */,
				756C0110270BBB7100136DF8 /* CLSingleLineTextEditor.swift */,
			);
			path = TextEditors;
			sourceTree = "<group>";
		};
		7513F5E227141DD70099BEA1 /* Components */ = {
			isa = PBXGroup;
			children = (
				7513F5E327141DE70099BEA1 /* CUBrowserView.swift */,
				7513F5E527141E170099BEA1 /* CUSheetView.swift */,
				7513F5E727141EBD0099BEA1 /* CUAlertView.swift */,
				7513F5E927141EE80099BEA1 /* ColorsView.swift */,
				7513F5EB27141F0B0099BEA1 /* CUAlertMessageView.swift */,
				7513F5ED27141F370099BEA1 /* CUInAppNotificationView.swift */,
				753F83012715A54C002B4C0F /* CLIconView.swift */,
			);
			path = Components;
			sourceTree = "<group>";
		};
		7513F5F0271431C90099BEA1 /* CLSheet */ = {
			isa = PBXGroup;
			children = (
				7513F5F32714322B0099BEA1 /* SubViews */,
				7513F5F12714321A0099BEA1 /* CLSheet.swift */,
			);
			path = CLSheet;
			sourceTree = "<group>";
		};
		7513F5F32714322B0099BEA1 /* SubViews */ = {
			isa = PBXGroup;
			children = (
				7513F5F8271432690099BEA1 /* CLSheetMenu.swift */,
				7513F5FA2714328B0099BEA1 /* CLSheetConfirmView.swift */,
				7513F5FC271432A00099BEA1 /* CLSheetTitle.swift */,
			);
			path = SubViews;
			sourceTree = "<group>";
		};
		7513F5F4271432310099BEA1 /* CLAlert */ = {
			isa = PBXGroup;
			children = (
				7513F5F5271432380099BEA1 /* SubViews */,
				7513F5F6271432440099BEA1 /* CLAlert.swift */,
			);
			path = CLAlert;
			sourceTree = "<group>";
		};
		7513F5F5271432380099BEA1 /* SubViews */ = {
			isa = PBXGroup;
			children = (
				7513F5FE271432C30099BEA1 /* CLAlertConfirmView.swift */,
			);
			path = SubViews;
			sourceTree = "<group>";
		};
		7521ACA227100B12001431A2 /* Views */ = {
			isa = PBXGroup;
			children = (
				7513F5E227141DD70099BEA1 /* Components */,
				7521ACA327100B2B001431A2 /* ViewPresentationWrapperPage.swift */,
			);
			path = Views;
			sourceTree = "<group>";
		};
		753F82F827159B43002B4C0F /* ViewModels */ = {
			isa = PBXGroup;
			children = (
				753F82FB27159D44002B4C0F /* CLSheetViewModel.swift */,
				753F82FD27159E7B002B4C0F /* CLAlertViewModel.swift */,
			);
			path = ViewModels;
			sourceTree = "<group>";
		};
		756C010B270BB73B00136DF8 /* Enums */ = {
			isa = PBXGroup;
			children = (
				756C010C270BB74A00136DF8 /* Attribute.swift */,
				75269A3C270CAC38007898A7 /* PrimaryButtonTheme.swift */,
			);
			path = Enums;
			sourceTree = "<group>";
		};
		756C0118270BC09500136DF8 /* Modifiers */ = {
			isa = PBXGroup;
			children = (
				756C0119270BC0C900136DF8 /* OnLoad.swift */,
				756C012A270BD62A00136DF8 /* HideNavigationBar.swift */,
				756C012C270BD6D100136DF8 /* OnRotate.swift */,
				756C0136270BDA8900136DF8 /* NavigationBar.swift */,
				75B1CB86270CCE9E000089F9 /* PinchToZoom.swift */,
			);
			path = Modifiers;
			sourceTree = "<group>";
		};
		756C011B270BC86F00136DF8 /* Classes */ = {
			isa = PBXGroup;
			children = (
				753F82F827159B43002B4C0F /* ViewModels */,
				756C011C270BC88A00136DF8 /* CUHttp.swift */,
				756C011E270BC8AD00136DF8 /* CUThreadHelper.swift */,
				756C0120270BCFC400136DF8 /* CUVibrate.swift */,
				756C0138270BDB0F00136DF8 /* CULanguage.swift */,
				75B1CBA7270CE44D000089F9 /* CUVideoHelper.swift */,
				75023B59270D3CA200EF4098 /* CUTime.swift */,
				75C3B67427127D4D00CDC411 /* CUStandard.swift */,
				75C3B6762712976400CDC411 /* CUNavigation.swift */,
				75C3B67827129C6900CDC411 /* CUGlobal.swift */,
				75C3B67B2712A01B00CDC411 /* CUAlert.swift */,
				75C3B67F2712A3D700CDC411 /* CUAlertMessage.swift */,
				75C3B6812712A59500CDC411 /* CUSheet.swift */,
				75C3B6882712AECC00CDC411 /* CUInAppNotification.swift */,
				7513F5E02713EB7C0099BEA1 /* CUBrowser.swift */,
				753F82F627159AC1002B4C0F /* CUViewModel.swift */,
			);
			path = Classes;
			sourceTree = "<group>";
		};
		756C0143270BE9E700136DF8 /* Styles */ = {
			isa = PBXGroup;
			children = (
				756C0144270BE9FE00136DF8 /* PrimaryButtonStyle.swift */,
				756C0146270BEA8200136DF8 /* PrimaryTextFieldStyle.swift */,
				756C0148270BEAE700136DF8 /* SecondaryButtonStyle.swift */,
				756C014A270BEB2C00136DF8 /* ChatTextFieldStyle.swift */,
				756C014C270BEB8100136DF8 /* RoundedButtonStyle.swift */,
				756C014E270BEC4500136DF8 /* SecondaryAltButtonStyle.swift */,
				756C0150270BEE5500136DF8 /* IconRoundOverImageButtonStyle.swift */,
				756C0152270BEE7F00136DF8 /* ImageOverlayButtonStyle.swift */,
			);
			path = Styles;
			sourceTree = "<group>";
		};
		758C626B2708BC2A008CF28A = {
			isa = PBXGroup;
			children = (
				75E941842724AFC500DA606A /* README.md */,
				7517FE6A270E779D00D18846 /* build.sh */,
				758C62772708BC2A008CF28A /* CleanUI */,
				75136094270BA6E8002E74AF /* CleanUIDemo */,
				758C62762708BC2A008CF28A /* Products */,
				758C62C02708BCE9008CF28A /* Frameworks */,
			);
			sourceTree = "<group>";
		};
		758C62762708BC2A008CF28A /* Products */ = {
			isa = PBXGroup;
			children = (
				758C62752708BC2A008CF28A /* CleanUI.framework */,
				75136093270BA6E8002E74AF /* CleanUIDemo.app */,
			);
			name = Products;
			sourceTree = "<group>";
		};
		758C62772708BC2A008CF28A /* CleanUI */ = {
			isa = PBXGroup;
			children = (
				751360A6270BAB38002E74AF /* Main */,
				7513608A270BA406002E74AF /* Extensions */,
				756C0118270BC09500136DF8 /* Modifiers */,
				756C0143270BE9E700136DF8 /* Styles */,
				758C62BD2708BC6E008CF28A /* Views */,
				758C62782708BC2A008CF28A /* CleanUI.h */,
				758C62792708BC2A008CF28A /* CleanUI.docc */,
				7513608B270BA493002E74AF /* Assets.xcassets */,
				756C0140270BDFE900136DF8 /* Localizable.strings */,
			);
			path = CleanUI;
			sourceTree = "<group>";
		};
		758C62BD2708BC6E008CF28A /* Views */ = {
			isa = PBXGroup;
			children = (
				7513F5F4271432310099BEA1 /* CLAlert */,
				7513F5F0271431C90099BEA1 /* CLSheet */,
				75C3B6832712A6DD00CDC411 /* Shapes */,
				75B1CBB3270CE90E000089F9 /* ProgressViews */,
				751360B0270BB425002E74AF /* TextEditors */,
				751360AB270BAD9C002E74AF /* Texts */,
				751360AA270BAD97002E74AF /* Cards */,
				756C0114270BC02800136DF8 /* CLIcon.swift */,
				756C0116270BC05F00136DF8 /* CLNewBadge.swift */,
				75023B5B270D3E7B00EF4098 /* CLDateTime.swift */,
				756C0130270BD85D00136DF8 /* CLSearchBar.swift */,
				756C0132270BD95100136DF8 /* CLBlurView.swift */,
				756C0134270BD9CB00136DF8 /* CLWebview.swift */,
				75B1CBB8270CEA27000089F9 /* CLKnogglGradient.swift */,
				75B1CBCC270CF932000089F9 /* CLLoadingIndicator.swift */,
				75B1CBD2270CFFE3000089F9 /* CLUrlImage.swift */,
				75023B61270D46E900EF4098 /* CLScrollView.swift */,
				7521ACA527101E5B001431A2 /* CLNavigationView.swift */,
				75E9CA60271998A500E211D6 /* CLScrollOffsetReader.swift */,
			);
			path = Views;
			sourceTree = "<group>";
		};
		758C62C02708BCE9008CF28A /* Frameworks */ = {
			isa = PBXGroup;
			children = (
			);
			name = Frameworks;
			sourceTree = "<group>";
		};
		75B1CBB3270CE90E000089F9 /* ProgressViews */ = {
			isa = PBXGroup;
			children = (
				75B1CBB4270CE961000089F9 /* CLTextFieldProgress.swift */,
				75B1CBB6270CE9F5000089F9 /* CLCircularProgress.swift */,
				75B1CBBA270CEAE7000089F9 /* CLLinearProgress.swift */,
			);
			path = ProgressViews;
			sourceTree = "<group>";
		};
		75C3B67A27129F7E00CDC411 /* Models */ = {
			isa = PBXGroup;
			children = (
				75C3B67D2712A07200CDC411 /* CUAlertModel.swift */,
			);
			path = Models;
			sourceTree = "<group>";
		};
		75C3B6832712A6DD00CDC411 /* Shapes */ = {
			isa = PBXGroup;
			children = (
				75C3B6842712A6EB00CDC411 /* RoundedCorner.swift */,
			);
			path = Shapes;
			sourceTree = "<group>";
		};
/* End PBXGroup section */

/* Begin PBXHeadersBuildPhase section */
		758C62702708BC2A008CF28A /* Headers */ = {
			isa = PBXHeadersBuildPhase;
			buildActionMask = 2147483647;
			files = (
				758C62862708BC2A008CF28A /* CleanUI.h in Headers */,
			);
			runOnlyForDeploymentPostprocessing = 0;
		};
/* End PBXHeadersBuildPhase section */

/* Begin PBXNativeTarget section */
		75136092270BA6E8002E74AF /* CleanUIDemo */ = {
			isa = PBXNativeTarget;
			buildConfigurationList = 7513609E270BA6E9002E74AF /* Build configuration list for PBXNativeTarget "CleanUIDemo" */;
			buildPhases = (
				7513608F270BA6E8002E74AF /* Sources */,
				75136090270BA6E8002E74AF /* Frameworks */,
				75136091270BA6E8002E74AF /* Resources */,
				751360A5270BA6FA002E74AF /* Embed Frameworks */,
			);
			buildRules = (
			);
			dependencies = (
				751360A4270BA6FA002E74AF /* PBXTargetDependency */,
			);
			name = CleanUIDemo;
			productName = CleanUIDemo;
			productReference = 75136093270BA6E8002E74AF /* CleanUIDemo.app */;
			productType = "com.apple.product-type.application";
		};
		758C62742708BC2A008CF28A /* CleanUI */ = {
			isa = PBXNativeTarget;
			buildConfigurationList = 758C62892708BC2A008CF28A /* Build configuration list for PBXNativeTarget "CleanUI" */;
			buildPhases = (
				758C62702708BC2A008CF28A /* Headers */,
				758C62712708BC2A008CF28A /* Sources */,
				758C62722708BC2A008CF28A /* Frameworks */,
				758C62732708BC2A008CF28A /* Resources */,
			);
			buildRules = (
			);
			dependencies = (
			);
			name = CleanUI;
			productName = CleanUI;
			productReference = 758C62752708BC2A008CF28A /* CleanUI.framework */;
			productType = "com.apple.product-type.framework";
		};
/* End PBXNativeTarget section */

/* Begin PBXProject section */
		758C626C2708BC2A008CF28A /* Project object */ = {
			isa = PBXProject;
			attributes = {
				BuildIndependentTargetsInParallel = 1;
				LastSwiftUpdateCheck = 1300;
				LastUpgradeCheck = 1300;
				TargetAttributes = {
					75136092270BA6E8002E74AF = {
						CreatedOnToolsVersion = 13.0;
					};
					758C62742708BC2A008CF28A = {
						CreatedOnToolsVersion = 13.0;
					};
				};
			};
			buildConfigurationList = 758C626F2708BC2A008CF28A /* Build configuration list for PBXProject "CleanUI" */;
			compatibilityVersion = "Xcode 13.0";
			developmentRegion = en;
			hasScannedForEncodings = 0;
			knownRegions = (
				en,
				Base,
				de,
				ru,
			);
			mainGroup = 758C626B2708BC2A008CF28A;
			productRefGroup = 758C62762708BC2A008CF28A /* Products */;
			projectDirPath = "";
			projectRoot = "";
			targets = (
				758C62742708BC2A008CF28A /* CleanUI */,
				75136092270BA6E8002E74AF /* CleanUIDemo */,
			);
		};
/* End PBXProject section */

/* Begin PBXResourcesBuildPhase section */
		75136091270BA6E8002E74AF /* Resources */ = {
			isa = PBXResourcesBuildPhase;
			buildActionMask = 2147483647;
			files = (
				7513609D270BA6E9002E74AF /* Preview Assets.xcassets in Resources */,
				7513609A270BA6E9002E74AF /* Assets.xcassets in Resources */,
			);
			runOnlyForDeploymentPostprocessing = 0;
		};
		758C62732708BC2A008CF28A /* Resources */ = {
			isa = PBXResourcesBuildPhase;
			buildActionMask = 2147483647;
			files = (
				7517FE6B270E779D00D18846 /* build.sh in Resources */,
				7513608C270BA493002E74AF /* Assets.xcassets in Resources */,
				75E941852724AFC500DA606A /* README.md in Resources */,
				756C013E270BDFE900136DF8 /* Localizable.strings in Resources */,
			);
			runOnlyForDeploymentPostprocessing = 0;
		};
/* End PBXResourcesBuildPhase section */

/* Begin PBXSourcesBuildPhase section */
		7513608F270BA6E8002E74AF /* Sources */ = {
			isa = PBXSourcesBuildPhase;
			buildActionMask = 2147483647;
			files = (
				753F83022715A54C002B4C0F /* CLIconView.swift in Sources */,
				75136098270BA6E8002E74AF /* ContentView.swift in Sources */,
				7513F5E827141EBD0099BEA1 /* CUAlertView.swift in Sources */,
				75136096270BA6E8002E74AF /* CleanUIDemoApp.swift in Sources */,
				7513F5EC27141F0B0099BEA1 /* CUAlertMessageView.swift in Sources */,
				7513F5E627141E170099BEA1 /* CUSheetView.swift in Sources */,
				7513F5E427141DE70099BEA1 /* CUBrowserView.swift in Sources */,
				7513F5EE27141F380099BEA1 /* CUInAppNotificationView.swift in Sources */,
				7513F5EA27141EE80099BEA1 /* ColorsView.swift in Sources */,
				7521ACA427100B2B001431A2 /* ViewPresentationWrapperPage.swift in Sources */,
			);
			runOnlyForDeploymentPostprocessing = 0;
		};
		758C62712708BC2A008CF28A /* Sources */ = {
			isa = PBXSourcesBuildPhase;
			buildActionMask = 2147483647;
			files = (
				75B1CB8F270CD195000089F9 /* CGFloat.swift in Sources */,
				751360AD270BADD6002E74AF /* CLDescriptiveNumber.swift in Sources */,
				75B1CB89270CCF29000089F9 /* UIColor.swift in Sources */,
				75B1CB97270CD2E0000089F9 /* UIView.swift in Sources */,
				756C0121270BCFC400136DF8 /* CUVibrate.swift in Sources */,
				756C0125270BD12000136DF8 /* CLFeedFooter.swift in Sources */,
				75023B5C270D3E7B00EF4098 /* CLDateTime.swift in Sources */,
				75C3B67C2712A01B00CDC411 /* CUAlert.swift in Sources */,
				756C0139270BDB0F00136DF8 /* CULanguage.swift in Sources */,
				75023B62270D46E900EF4098 /* CLScrollView.swift in Sources */,
				75C3B67E2712A07200CDC411 /* CUAlertModel.swift in Sources */,
				75C3B6892712AECC00CDC411 /* CUInAppNotification.swift in Sources */,
				751360A8270BAB52002E74AF /* ColorProvider.swift in Sources */,
				751360AF270BADF8002E74AF /* View.swift in Sources */,
				756C0111270BBB7100136DF8 /* CLSingleLineTextEditor.swift in Sources */,
				75E9CA61271998A500E211D6 /* CLScrollOffsetReader.swift in Sources */,
				75B1CBB5270CE961000089F9 /* CLTextFieldProgress.swift in Sources */,
				75C3B6772712976400CDC411 /* CUNavigation.swift in Sources */,
				758C627A2708BC2A008CF28A /* CleanUI.docc in Sources */,
				756C0131270BD85D00136DF8 /* CLSearchBar.swift in Sources */,
				756C0151270BEE5500136DF8 /* IconRoundOverImageButtonStyle.swift in Sources */,
				75B1CBA8270CE44D000089F9 /* CUVideoHelper.swift in Sources */,
				756C0129270BD1C600136DF8 /* CLTextWithNewBadge.swift in Sources */,
				75023B5A270D3CA200EF4098 /* CUTime.swift in Sources */,
				756C014F270BEC4500136DF8 /* SecondaryAltButtonStyle.swift in Sources */,
				756C0133270BD95100136DF8 /* CLBlurView.swift in Sources */,
				754249F3270F86BE004D217B /* CLExpandableText.swift in Sources */,
				753F82FC27159D44002B4C0F /* CLSheetViewModel.swift in Sources */,
				75C3B6802712A3D700CDC411 /* CUAlertMessage.swift in Sources */,
				756C014B270BEB2C00136DF8 /* ChatTextFieldStyle.swift in Sources */,
				75269A3D270CAC39007898A7 /* PrimaryButtonTheme.swift in Sources */,
				7513F5FB2714328B0099BEA1 /* CLSheetConfirmView.swift in Sources */,
				756C014D270BEB8100136DF8 /* RoundedButtonStyle.swift in Sources */,
				75C3B67927129C6900CDC411 /* CUGlobal.swift in Sources */,
				756C012B270BD62A00136DF8 /* HideNavigationBar.swift in Sources */,
				756C0137270BDA8900136DF8 /* NavigationBar.swift in Sources */,
				756C0145270BE9FE00136DF8 /* PrimaryButtonStyle.swift in Sources */,
				75B1CB95270CD2A2000089F9 /* UIScrollView.swift in Sources */,
				75023B8E270D51A800EF4098 /* ImageProvider.swift in Sources */,
				75B1CBB7270CE9F5000089F9 /* CLCircularProgress.swift in Sources */,
				75B1CBD5270D0002000089F9 /* ImageCache.swift in Sources */,
				75C3B6822712A59500CDC411 /* CUSheet.swift in Sources */,
				756C011D270BC88A00136DF8 /* CUHttp.swift in Sources */,
				753F83002715A403002B4C0F /* CLIcon.Offset.swift in Sources */,
				75B1CBB9270CEA27000089F9 /* CLKnogglGradient.swift in Sources */,
				756C011A270BC0C900136DF8 /* OnLoad.swift in Sources */,
				758C62BF2708BCAC008CF28A /* CLCard.swift in Sources */,
				75023B58270D3C2800EF4098 /* Date.swift in Sources */,
				7521ACAA27103009001431A2 /* ViewControllerTransitions.swift in Sources */,
				754249E7270F79E8004D217B /* CLRichText.swift in Sources */,
				75C3B6852712A6EB00CDC411 /* RoundedCorner.swift in Sources */,
				756C0123270BD0B100136DF8 /* CLFeedTitle.swift in Sources */,
				75B1CB87270CCE9E000089F9 /* PinchToZoom.swift in Sources */,
				7513F5F9271432690099BEA1 /* CLSheetMenu.swift in Sources */,
				7513F5F7271432440099BEA1 /* CLAlert.swift in Sources */,
				75B1CBAA270CE47C000089F9 /* AVURLAsset.swift in Sources */,
				7521ACA827102E30001431A2 /* UINavigationController.swift in Sources */,
				756C0153270BEE7F00136DF8 /* ImageOverlayButtonStyle.swift in Sources */,
				7513F5F22714321A0099BEA1 /* CLSheet.swift in Sources */,
				756C012D270BD6D100136DF8 /* OnRotate.swift in Sources */,
				754249E9270F7AB2004D217B /* GeometryProxy.swift in Sources */,
				756C013B270BDD0700136DF8 /* UIApplication.swift in Sources */,
				75B1CBCD270CF932000089F9 /* CLLoadingIndicator.swift in Sources */,
				756C0147270BEA8200136DF8 /* PrimaryTextFieldStyle.swift in Sources */,
				754249EB270F7AE0004D217B /* NSAttributedString.swift in Sources */,
				751360B6270BB6A3002E74AF /* Font.swift in Sources */,
				75B1CBD3270CFFE3000089F9 /* CLUrlImage.swift in Sources */,
				75B1CB91270CD206000089F9 /* UIDevice.swift in Sources */,
				75B1CBBB270CEAE7000089F9 /* CLLinearProgress.swift in Sources */,
				75783B1F270C0CEA008A9E66 /* Int.swift in Sources */,
				756C0149270BEAE700136DF8 /* SecondaryButtonStyle.swift in Sources */,
				756C0113270BBC6700136DF8 /* CLInfoCard.swift in Sources */,
				75B1CB8B270CCFB0000089F9 /* UIImage.swift in Sources */,
				7513F5FF271432C30099BEA1 /* CLAlertConfirmView.swift in Sources */,
				7521ACA627101E5B001431A2 /* CLNavigationView.swift in Sources */,
				75B1CB93270CD24D000089F9 /* Image.swift in Sources */,
				758C62C82708BF0D008CF28A /* Color.swift in Sources */,
				756C0127270BD17D00136DF8 /* CLTextFieldLabel.swift in Sources */,
				756C0115270BC02800136DF8 /* CLIcon.swift in Sources */,
				7513F5E12713EB7C0099BEA1 /* CUBrowser.swift in Sources */,
				751360B4270BB653002E74AF /* String.swift in Sources */,
				756C010D270BB74A00136DF8 /* Attribute.swift in Sources */,
				756C0117270BC05F00136DF8 /* CLNewBadge.swift in Sources */,
				75C3B67527127D4D00CDC411 /* CUStandard.swift in Sources */,
				753F82FE27159E7B002B4C0F /* CLAlertViewModel.swift in Sources */,
				756C0135270BD9CB00136DF8 /* CLWebview.swift in Sources */,
				756C011F270BC8AD00136DF8 /* CUThreadHelper.swift in Sources */,
				75B1CBAE270CE613000089F9 /* VideoExportQuality.swift in Sources */,
				753F82F727159AC1002B4C0F /* CUViewModel.swift in Sources */,
				75E9CA632719B82900E211D6 /* UIViewController.swift in Sources */,
				75B1CB8D270CCFE6000089F9 /* Double.swift in Sources */,
				751360B2270BB5D0002E74AF /* CLTextEditor.swift in Sources */,
				7513F5FD271432A00099BEA1 /* CLSheetTitle.swift in Sources */,
			);
			runOnlyForDeploymentPostprocessing = 0;
		};
/* End PBXSourcesBuildPhase section */

/* Begin PBXTargetDependency section */
		751360A4270BA6FA002E74AF /* PBXTargetDependency */ = {
			isa = PBXTargetDependency;
			target = 758C62742708BC2A008CF28A /* CleanUI */;
			targetProxy = 751360A3270BA6FA002E74AF /* PBXContainerItemProxy */;
		};
/* End PBXTargetDependency section */

/* Begin PBXVariantGroup section */
		756C0140270BDFE900136DF8 /* Localizable.strings */ = {
			isa = PBXVariantGroup;
			children = (
				756C013F270BDFE900136DF8 /* en */,
				756C0141270BE00D00136DF8 /* de */,
				756C0142270BE02200136DF8 /* ru */,
			);
			name = Localizable.strings;
			sourceTree = "<group>";
		};
/* End PBXVariantGroup section */

/* Begin XCBuildConfiguration section */
		7513609F270BA6E9002E74AF /* Debug */ = {
			isa = XCBuildConfiguration;
			buildSettings = {
				ASSETCATALOG_COMPILER_APPICON_NAME = AppIcon;
				ASSETCATALOG_COMPILER_GLOBAL_ACCENT_COLOR_NAME = AccentColor;
				ASSETCATALOG_COMPILER_INCLUDE_ALL_APPICON_ASSETS = NO;
				CODE_SIGN_STYLE = Automatic;
				CURRENT_PROJECT_VERSION = 1;
				DEVELOPMENT_ASSET_PATHS = "\"CleanUIDemo/Preview Content\"";
				DEVELOPMENT_TEAM = U5D9QBA695;
				ENABLE_PREVIEWS = YES;
				GENERATE_INFOPLIST_FILE = YES;
				INFOPLIST_KEY_UIApplicationSceneManifest_Generation = YES;
				INFOPLIST_KEY_UIApplicationSupportsIndirectInputEvents = YES;
				INFOPLIST_KEY_UILaunchScreen_Generation = YES;
				INFOPLIST_KEY_UISupportedInterfaceOrientations_iPad = "UIInterfaceOrientationPortrait UIInterfaceOrientationPortraitUpsideDown UIInterfaceOrientationLandscapeLeft UIInterfaceOrientationLandscapeRight";
				INFOPLIST_KEY_UISupportedInterfaceOrientations_iPhone = "UIInterfaceOrientationPortrait UIInterfaceOrientationLandscapeLeft UIInterfaceOrientationLandscapeRight";
				IPHONEOS_DEPLOYMENT_TARGET = 15.0;
				LD_RUNPATH_SEARCH_PATHS = (
					"$(inherited)",
					"@executable_path/Frameworks",
				);
				MARKETING_VERSION = 1.0;
				PRODUCT_BUNDLE_IDENTIFIER = com.knoggl.CleanUIDemo;
				PRODUCT_NAME = "$(TARGET_NAME)";
				SWIFT_EMIT_LOC_STRINGS = YES;
				SWIFT_VERSION = 5.0;
				TARGETED_DEVICE_FAMILY = "1,2";
			};
			name = Debug;
		};
		751360A0270BA6E9002E74AF /* Release */ = {
			isa = XCBuildConfiguration;
			buildSettings = {
				ASSETCATALOG_COMPILER_APPICON_NAME = AppIcon;
				ASSETCATALOG_COMPILER_GLOBAL_ACCENT_COLOR_NAME = AccentColor;
				ASSETCATALOG_COMPILER_INCLUDE_ALL_APPICON_ASSETS = NO;
				CODE_SIGN_STYLE = Automatic;
				CURRENT_PROJECT_VERSION = 1;
				DEVELOPMENT_ASSET_PATHS = "\"CleanUIDemo/Preview Content\"";
				DEVELOPMENT_TEAM = U5D9QBA695;
				ENABLE_PREVIEWS = YES;
				GENERATE_INFOPLIST_FILE = YES;
				INFOPLIST_KEY_UIApplicationSceneManifest_Generation = YES;
				INFOPLIST_KEY_UIApplicationSupportsIndirectInputEvents = YES;
				INFOPLIST_KEY_UILaunchScreen_Generation = YES;
				INFOPLIST_KEY_UISupportedInterfaceOrientations_iPad = "UIInterfaceOrientationPortrait UIInterfaceOrientationPortraitUpsideDown UIInterfaceOrientationLandscapeLeft UIInterfaceOrientationLandscapeRight";
				INFOPLIST_KEY_UISupportedInterfaceOrientations_iPhone = "UIInterfaceOrientationPortrait UIInterfaceOrientationLandscapeLeft UIInterfaceOrientationLandscapeRight";
				IPHONEOS_DEPLOYMENT_TARGET = 15.0;
				LD_RUNPATH_SEARCH_PATHS = (
					"$(inherited)",
					"@executable_path/Frameworks",
				);
				MARKETING_VERSION = 1.0;
				PRODUCT_BUNDLE_IDENTIFIER = com.knoggl.CleanUIDemo;
				PRODUCT_NAME = "$(TARGET_NAME)";
				SWIFT_EMIT_LOC_STRINGS = YES;
				SWIFT_VERSION = 5.0;
				TARGETED_DEVICE_FAMILY = "1,2";
			};
			name = Release;
		};
		758C62872708BC2A008CF28A /* Debug */ = {
			isa = XCBuildConfiguration;
			buildSettings = {
				ALWAYS_SEARCH_USER_PATHS = NO;
				CLANG_ANALYZER_LOCALIZABILITY_NONLOCALIZED = YES;
				CLANG_ANALYZER_NONNULL = YES;
				CLANG_ANALYZER_NUMBER_OBJECT_CONVERSION = YES_AGGRESSIVE;
				CLANG_CXX_LANGUAGE_STANDARD = "gnu++17";
				CLANG_CXX_LIBRARY = "libc++";
				CLANG_ENABLE_MODULES = YES;
				CLANG_ENABLE_OBJC_ARC = YES;
				CLANG_ENABLE_OBJC_WEAK = YES;
				CLANG_WARN_BLOCK_CAPTURE_AUTORELEASING = YES;
				CLANG_WARN_BOOL_CONVERSION = YES;
				CLANG_WARN_COMMA = YES;
				CLANG_WARN_CONSTANT_CONVERSION = YES;
				CLANG_WARN_DEPRECATED_OBJC_IMPLEMENTATIONS = YES;
				CLANG_WARN_DIRECT_OBJC_ISA_USAGE = YES_ERROR;
				CLANG_WARN_DOCUMENTATION_COMMENTS = YES;
				CLANG_WARN_EMPTY_BODY = YES;
				CLANG_WARN_ENUM_CONVERSION = YES;
				CLANG_WARN_INFINITE_RECURSION = YES;
				CLANG_WARN_INT_CONVERSION = YES;
				CLANG_WARN_NON_LITERAL_NULL_CONVERSION = YES;
				CLANG_WARN_OBJC_IMPLICIT_RETAIN_SELF = YES;
				CLANG_WARN_OBJC_LITERAL_CONVERSION = YES;
				CLANG_WARN_OBJC_ROOT_CLASS = YES_ERROR;
				CLANG_WARN_QUOTED_INCLUDE_IN_FRAMEWORK_HEADER = YES;
				CLANG_WARN_RANGE_LOOP_ANALYSIS = YES;
				CLANG_WARN_STRICT_PROTOTYPES = YES;
				CLANG_WARN_SUSPICIOUS_MOVE = YES;
				CLANG_WARN_UNGUARDED_AVAILABILITY = YES_AGGRESSIVE;
				CLANG_WARN_UNREACHABLE_CODE = YES;
				CLANG_WARN__DUPLICATE_METHOD_MATCH = YES;
				COPY_PHASE_STRIP = NO;
				CURRENT_PROJECT_VERSION = 1;
				DEBUG_INFORMATION_FORMAT = dwarf;
				ENABLE_STRICT_OBJC_MSGSEND = YES;
				ENABLE_TESTABILITY = YES;
				GCC_C_LANGUAGE_STANDARD = gnu11;
				GCC_DYNAMIC_NO_PIC = NO;
				GCC_NO_COMMON_BLOCKS = YES;
				GCC_OPTIMIZATION_LEVEL = 0;
				GCC_PREPROCESSOR_DEFINITIONS = (
					"DEBUG=1",
					"$(inherited)",
				);
				GCC_WARN_64_TO_32_BIT_CONVERSION = YES;
				GCC_WARN_ABOUT_RETURN_TYPE = YES_ERROR;
				GCC_WARN_UNDECLARED_SELECTOR = YES;
				GCC_WARN_UNINITIALIZED_AUTOS = YES_AGGRESSIVE;
				GCC_WARN_UNUSED_FUNCTION = YES;
				GCC_WARN_UNUSED_VARIABLE = YES;
				IPHONEOS_DEPLOYMENT_TARGET = 15.0;
				MTL_ENABLE_DEBUG_INFO = INCLUDE_SOURCE;
				MTL_FAST_MATH = YES;
				ONLY_ACTIVE_ARCH = YES;
				SDKROOT = iphoneos;
				SWIFT_ACTIVE_COMPILATION_CONDITIONS = DEBUG;
				SWIFT_OPTIMIZATION_LEVEL = "-Onone";
				SWIFT_VERSION = "";
				VERSIONING_SYSTEM = "apple-generic";
				VERSION_INFO_PREFIX = "";
			};
			name = Debug;
		};
		758C62882708BC2A008CF28A /* Release */ = {
			isa = XCBuildConfiguration;
			buildSettings = {
				ALWAYS_SEARCH_USER_PATHS = NO;
				CLANG_ANALYZER_LOCALIZABILITY_NONLOCALIZED = YES;
				CLANG_ANALYZER_NONNULL = YES;
				CLANG_ANALYZER_NUMBER_OBJECT_CONVERSION = YES_AGGRESSIVE;
				CLANG_CXX_LANGUAGE_STANDARD = "gnu++17";
				CLANG_CXX_LIBRARY = "libc++";
				CLANG_ENABLE_MODULES = YES;
				CLANG_ENABLE_OBJC_ARC = YES;
				CLANG_ENABLE_OBJC_WEAK = YES;
				CLANG_WARN_BLOCK_CAPTURE_AUTORELEASING = YES;
				CLANG_WARN_BOOL_CONVERSION = YES;
				CLANG_WARN_COMMA = YES;
				CLANG_WARN_CONSTANT_CONVERSION = YES;
				CLANG_WARN_DEPRECATED_OBJC_IMPLEMENTATIONS = YES;
				CLANG_WARN_DIRECT_OBJC_ISA_USAGE = YES_ERROR;
				CLANG_WARN_DOCUMENTATION_COMMENTS = YES;
				CLANG_WARN_EMPTY_BODY = YES;
				CLANG_WARN_ENUM_CONVERSION = YES;
				CLANG_WARN_INFINITE_RECURSION = YES;
				CLANG_WARN_INT_CONVERSION = YES;
				CLANG_WARN_NON_LITERAL_NULL_CONVERSION = YES;
				CLANG_WARN_OBJC_IMPLICIT_RETAIN_SELF = YES;
				CLANG_WARN_OBJC_LITERAL_CONVERSION = YES;
				CLANG_WARN_OBJC_ROOT_CLASS = YES_ERROR;
				CLANG_WARN_QUOTED_INCLUDE_IN_FRAMEWORK_HEADER = YES;
				CLANG_WARN_RANGE_LOOP_ANALYSIS = YES;
				CLANG_WARN_STRICT_PROTOTYPES = YES;
				CLANG_WARN_SUSPICIOUS_MOVE = YES;
				CLANG_WARN_UNGUARDED_AVAILABILITY = YES_AGGRESSIVE;
				CLANG_WARN_UNREACHABLE_CODE = YES;
				CLANG_WARN__DUPLICATE_METHOD_MATCH = YES;
				COPY_PHASE_STRIP = NO;
				CURRENT_PROJECT_VERSION = 1;
				DEBUG_INFORMATION_FORMAT = "dwarf-with-dsym";
				ENABLE_NS_ASSERTIONS = NO;
				ENABLE_STRICT_OBJC_MSGSEND = YES;
				GCC_C_LANGUAGE_STANDARD = gnu11;
				GCC_NO_COMMON_BLOCKS = YES;
				GCC_WARN_64_TO_32_BIT_CONVERSION = YES;
				GCC_WARN_ABOUT_RETURN_TYPE = YES_ERROR;
				GCC_WARN_UNDECLARED_SELECTOR = YES;
				GCC_WARN_UNINITIALIZED_AUTOS = YES_AGGRESSIVE;
				GCC_WARN_UNUSED_FUNCTION = YES;
				GCC_WARN_UNUSED_VARIABLE = YES;
				IPHONEOS_DEPLOYMENT_TARGET = 15.0;
				MTL_ENABLE_DEBUG_INFO = NO;
				MTL_FAST_MATH = YES;
				SDKROOT = iphoneos;
				SWIFT_COMPILATION_MODE = wholemodule;
				SWIFT_OPTIMIZATION_LEVEL = "-O";
				SWIFT_VERSION = "";
				VALIDATE_PRODUCT = YES;
				VERSIONING_SYSTEM = "apple-generic";
				VERSION_INFO_PREFIX = "";
			};
			name = Release;
		};
		758C628A2708BC2A008CF28A /* Debug */ = {
			isa = XCBuildConfiguration;
			buildSettings = {
				ALWAYS_EMBED_SWIFT_STANDARD_LIBRARIES = YES;
				ARCHS = (
					"$(ARCHS_STANDARD)",
					x86_64,
				);
				BUILD_LIBRARY_FOR_DISTRIBUTION = YES;
				CODE_SIGN_STYLE = Automatic;
				CURRENT_PROJECT_VERSION = 1;
				DEFINES_MODULE = YES;
				DEVELOPMENT_TEAM = U5D9QBA695;
				DYLIB_COMPATIBILITY_VERSION = 1;
				DYLIB_CURRENT_VERSION = 1;
				DYLIB_INSTALL_NAME_BASE = "@rpath";
				ENABLE_BITCODE = YES;
				GENERATE_INFOPLIST_FILE = YES;
				INFOPLIST_KEY_NSHumanReadableCopyright = "";
				INSTALL_PATH = "$(LOCAL_LIBRARY_DIR)/Frameworks";
				LD_RUNPATH_SEARCH_PATHS = (
					"$(inherited)",
					"@executable_path/Frameworks",
					"@loader_path/Frameworks",
				);
				MARKETING_VERSION = 1.0;
				PRODUCT_BUNDLE_IDENTIFIER = com.knoggl.CleanUI;
				PRODUCT_NAME = "$(TARGET_NAME:c99extidentifier)";
				SKIP_INSTALL = NO;
				SUPPORTS_MACCATALYST = NO;
				SWIFT_EMIT_LOC_STRINGS = YES;
				SWIFT_VERSION = 5.0;
				TARGETED_DEVICE_FAMILY = "1,2";
			};
			name = Debug;
		};
		758C628B2708BC2A008CF28A /* Release */ = {
			isa = XCBuildConfiguration;
			buildSettings = {
				ALWAYS_EMBED_SWIFT_STANDARD_LIBRARIES = YES;
				ARCHS = (
					"$(ARCHS_STANDARD)",
					x86_64,
				);
				BUILD_LIBRARY_FOR_DISTRIBUTION = YES;
				CODE_SIGN_STYLE = Automatic;
				CURRENT_PROJECT_VERSION = 1;
				DEFINES_MODULE = YES;
				DEVELOPMENT_TEAM = U5D9QBA695;
				DYLIB_COMPATIBILITY_VERSION = 1;
				DYLIB_CURRENT_VERSION = 1;
				DYLIB_INSTALL_NAME_BASE = "@rpath";
				ENABLE_BITCODE = YES;
				GENERATE_INFOPLIST_FILE = YES;
				INFOPLIST_KEY_NSHumanReadableCopyright = "";
				INSTALL_PATH = "$(LOCAL_LIBRARY_DIR)/Frameworks";
				LD_RUNPATH_SEARCH_PATHS = (
					"$(inherited)",
					"@executable_path/Frameworks",
					"@loader_path/Frameworks",
				);
				MARKETING_VERSION = 1.0;
				ONLY_ACTIVE_ARCH = NO;
				PRODUCT_BUNDLE_IDENTIFIER = com.knoggl.CleanUI;
				PRODUCT_NAME = "$(TARGET_NAME:c99extidentifier)";
				SKIP_INSTALL = NO;
				SUPPORTS_MACCATALYST = NO;
				SWIFT_EMIT_LOC_STRINGS = YES;
				SWIFT_VERSION = 5.0;
				TARGETED_DEVICE_FAMILY = "1,2";
			};
			name = Release;
		};
/* End XCBuildConfiguration section */

/* Begin XCConfigurationList section */
		7513609E270BA6E9002E74AF /* Build configuration list for PBXNativeTarget "CleanUIDemo" */ = {
			isa = XCConfigurationList;
			buildConfigurations = (
				7513609F270BA6E9002E74AF /* Debug */,
				751360A0270BA6E9002E74AF /* Release */,
			);
			defaultConfigurationIsVisible = 0;
			defaultConfigurationName = Release;
		};
		758C626F2708BC2A008CF28A /* Build configuration list for PBXProject "CleanUI" */ = {
			isa = XCConfigurationList;
			buildConfigurations = (
				758C62872708BC2A008CF28A /* Debug */,
				758C62882708BC2A008CF28A /* Release */,
			);
			defaultConfigurationIsVisible = 0;
			defaultConfigurationName = Release;
		};
		758C62892708BC2A008CF28A /* Build configuration list for PBXNativeTarget "CleanUI" */ = {
			isa = XCConfigurationList;
			buildConfigurations = (
				758C628A2708BC2A008CF28A /* Debug */,
				758C628B2708BC2A008CF28A /* Release */,
			);
			defaultConfigurationIsVisible = 0;
			defaultConfigurationName = Release;
		};
/* End XCConfigurationList section */
	};
	rootObject = 758C626C2708BC2A008CF28A /* Project object */;
}
