{
  "object": {
    "pins": [
      {
        "package": "SwiftPlus",
        "repositoryURL": "https://github.com/knoggl/SwiftPlus.git",
        "state": {
          "branch": null,
          "revision": "20dad0d7b9e70500edde2932c8087ee96226e231",
          "version": "1.0.0"
        }
      }
    ]
  },
  "version": 1
}
